// !$*UTF8*$!
{
	archiveVersion = 1;
	classes = {
	};
	objectVersion = 46;
	objects = {

/* Begin PBXBuildFile section */
		A53FA5911EE89B270035497F /* AppDelegate.swift in Sources */ = {isa = PBXBuildFile; fileRef = A53FA5901EE89B270035497F /* AppDelegate.swift */; };
		A53FA5951EE89B270035497F /* Assets.xcassets in Resources */ = {isa = PBXBuildFile; fileRef = A53FA5941EE89B270035497F /* Assets.xcassets */; };
		A53FA59F1EE89ED60035497F /* Info.plist in Resources */ = {isa = PBXBuildFile; fileRef = A53FA5991EE89B270035497F /* Info.plist */; };
		A53FA5A11EE89EE90035497F /* Main.storyboard in Resources */ = {isa = PBXBuildFile; fileRef = A53FA5A01EE89EE90035497F /* Main.storyboard */; };
		A53FA5A31EE8ACAB0035497F /* TouchBarWindowController.swift in Sources */ = {isa = PBXBuildFile; fileRef = A53FA5A21EE8ACAB0035497F /* TouchBarWindowController.swift */; };
		A53FA5A51EE8ADD30035497F /* TouchBarViewController.swift in Sources */ = {isa = PBXBuildFile; fileRef = A53FA5A41EE8ADD30035497F /* TouchBarViewController.swift */; };
		A53FA5AB1EEDA72C0035497F /* TouchBarWindow.swift in Sources */ = {isa = PBXBuildFile; fileRef = A53FA5AA1EEDA72C0035497F /* TouchBarWindow.swift */; };
/* End PBXBuildFile section */

/* Begin PBXFileReference section */
		A53FA58D1EE89B270035497F /* CustomSoundBar.app */ = {isa = PBXFileReference; explicitFileType = wrapper.application; includeInIndex = 0; path = CustomSoundBar.app; sourceTree = BUILT_PRODUCTS_DIR; };
		A53FA5901EE89B270035497F /* AppDelegate.swift */ = {isa = PBXFileReference; lastKnownFileType = sourcecode.swift; path = AppDelegate.swift; sourceTree = "<group>"; };
		A53FA5941EE89B270035497F /* Assets.xcassets */ = {isa = PBXFileReference; lastKnownFileType = folder.assetcatalog; path = Assets.xcassets; sourceTree = "<group>"; };
		A53FA5991EE89B270035497F /* Info.plist */ = {isa = PBXFileReference; fileEncoding = 4; lastKnownFileType = text.plist.xml; path = Info.plist; sourceTree = "<group>"; };
		A53FA5A01EE89EE90035497F /* Main.storyboard */ = {isa = PBXFileReference; fileEncoding = 4; lastKnownFileType = file.storyboard; path = Main.storyboard; sourceTree = "<group>"; };
		A53FA5A21EE8ACAB0035497F /* TouchBarWindowController.swift */ = {isa = PBXFileReference; fileEncoding = 4; lastKnownFileType = sourcecode.swift; path = TouchBarWindowController.swift; sourceTree = "<group>"; };
		A53FA5A41EE8ADD30035497F /* TouchBarViewController.swift */ = {isa = PBXFileReference; fileEncoding = 4; lastKnownFileType = sourcecode.swift; path = TouchBarViewController.swift; sourceTree = "<group>"; };
		A53FA5AA1EEDA72C0035497F /* TouchBarWindow.swift */ = {isa = PBXFileReference; fileEncoding = 4; lastKnownFileType = sourcecode.swift; path = TouchBarWindow.swift; sourceTree = "<group>"; };
/* End PBXFileReference section */

/* Begin PBXFrameworksBuildPhase section */
		A53FA58A1EE89B270035497F /* Frameworks */ = {
			isa = PBXFrameworksBuildPhase;
			buildActionMask = 2147483647;
			files = (
			);
			runOnlyForDeploymentPostprocessing = 0;
		};
/* End PBXFrameworksBuildPhase section */

/* Begin PBXGroup section */
		A53FA5841EE89B270035497F = {
			isa = PBXGroup;
			children = (
				A53FA58F1EE89B270035497F /* CustomSoundBar */,
				A53FA58E1EE89B270035497F /* Products */,
			);
			sourceTree = "<group>";
		};
		A53FA58E1EE89B270035497F /* Products */ = {
			isa = PBXGroup;
			children = (
				A53FA58D1EE89B270035497F /* CustomSoundBar.app */,
			);
			name = Products;
			sourceTree = "<group>";
		};
		A53FA58F1EE89B270035497F /* CustomSoundBar */ = {
			isa = PBXGroup;
			children = (
				A53FA5901EE89B270035497F /* AppDelegate.swift */,
				A53FA5941EE89B270035497F /* Assets.xcassets */,
				A53FA5A01EE89EE90035497F /* Main.storyboard */,
				A53FA5991EE89B270035497F /* Info.plist */,
				A53FA5A41EE8ADD30035497F /* TouchBarViewController.swift */,
				A53FA5A21EE8ACAB0035497F /* TouchBarWindowController.swift */,
				A53FA5AA1EEDA72C0035497F /* TouchBarWindow.swift */,
			);
			path = CustomSoundBar;
			sourceTree = "<group>";
		};
/* End PBXGroup section */

/* Begin PBXNativeTarget section */
		A53FA58C1EE89B270035497F /* CustomSoundBar */ = {
			isa = PBXNativeTarget;
			buildConfigurationList = A53FA59C1EE89B270035497F /* Build configuration list for PBXNativeTarget "CustomSoundBar" */;
			buildPhases = (
				A53FA5891EE89B270035497F /* Sources */,
				A53FA58A1EE89B270035497F /* Frameworks */,
				A53FA58B1EE89B270035497F /* Resources */,
			);
			buildRules = (
			);
			dependencies = (
			);
			name = CustomSoundBar;
			productName = CustomSoundBar;
			productReference = A53FA58D1EE89B270035497F /* CustomSoundBar.app */;
			productType = "com.apple.product-type.application";
		};
/* End PBXNativeTarget section */

/* Begin PBXProject section */
		A53FA5851EE89B270035497F /* Project object */ = {
			isa = PBXProject;
			attributes = {
				LastSwiftUpdateCheck = 0830;
				LastUpgradeCheck = 0830;
				ORGANIZATIONNAME = "Timothy Mc Alister";
				TargetAttributes = {
					A53FA58C1EE89B270035497F = {
						CreatedOnToolsVersion = 8.3.3;
						ProvisioningStyle = Automatic;
					};
				};
			};
			buildConfigurationList = A53FA5881EE89B270035497F /* Build configuration list for PBXProject "CustomSoundBar" */;
			compatibilityVersion = "Xcode 3.2";
			developmentRegion = English;
			hasScannedForEncodings = 0;
			knownRegions = (
				en,
				Base,
			);
			mainGroup = A53FA5841EE89B270035497F;
			productRefGroup = A53FA58E1EE89B270035497F /* Products */;
			projectDirPath = "";
			projectRoot = "";
			targets = (
				A53FA58C1EE89B270035497F /* CustomSoundBar */,
			);
		};
/* End PBXProject section */

/* Begin PBXResourcesBuildPhase section */
		A53FA58B1EE89B270035497F /* Resources */ = {
			isa = PBXResourcesBuildPhase;
			buildActionMask = 2147483647;
			files = (
				A53FA5A11EE89EE90035497F /* Main.storyboard in Resources */,
				A53FA5951EE89B270035497F /* Assets.xcassets in Resources */,
				A53FA59F1EE89ED60035497F /* Info.plist in Resources */,
			);
			runOnlyForDeploymentPostprocessing = 0;
		};
/* End PBXResourcesBuildPhase section */

/* Begin PBXSourcesBuildPhase section */
		A53FA5891EE89B270035497F /* Sources */ = {
			isa = PBXSourcesBuildPhase;
			buildActionMask = 2147483647;
			files = (
				A53FA5A51EE8ADD30035497F /* TouchBarViewController.swift in Sources */,
				A53FA5911EE89B270035497F /* AppDelegate.swift in Sources */,
				A53FA5A31EE8ACAB0035497F /* TouchBarWindowController.swift in Sources */,
				A53FA5AB1EEDA72C0035497F /* TouchBarWindow.swift in Sources */,
			);
			runOnlyForDeploymentPostprocessing = 0;
		};
/* End PBXSourcesBuildPhase section */

/* Begin XCBuildConfiguration section */
		A53FA59A1EE89B270035497F /* Debug */ = {
			isa = XCBuildConfiguration;
			buildSettings = {
				ALWAYS_SEARCH_USER_PATHS = NO;
				CLANG_ANALYZER_NONNULL = YES;
				CLANG_ANALYZER_NUMBER_OBJECT_CONVERSION = YES_AGGRESSIVE;
				CLANG_CXX_LANGUAGE_STANDARD = "gnu++0x";
				CLANG_CXX_LIBRARY = "libc++";
				CLANG_ENABLE_MODULES = YES;
				CLANG_ENABLE_OBJC_ARC = YES;
				CLANG_WARN_BOOL_CONVERSION = YES;
				CLANG_WARN_CONSTANT_CONVERSION = YES;
				CLANG_WARN_DIRECT_OBJC_ISA_USAGE = YES_ERROR;
				CLANG_WARN_DOCUMENTATION_COMMENTS = YES;
				CLANG_WARN_EMPTY_BODY = YES;
				CLANG_WARN_ENUM_CONVERSION = YES;
				CLANG_WARN_INFINITE_RECURSION = YES;
				CLANG_WARN_INT_CONVERSION = YES;
				CLANG_WARN_OBJC_ROOT_CLASS = YES_ERROR;
				CLANG_WARN_SUSPICIOUS_MOVE = YES;
				CLANG_WARN_UNREACHABLE_CODE = YES;
				CLANG_WARN__DUPLICATE_METHOD_MATCH = YES;
				CODE_SIGN_IDENTITY = "-";
				COPY_PHASE_STRIP = NO;
				DEBUG_INFORMATION_FORMAT = dwarf;
				ENABLE_STRICT_OBJC_MSGSEND = YES;
				ENABLE_TESTABILITY = YES;
				GCC_C_LANGUAGE_STANDARD = gnu99;
				GCC_DYNAMIC_NO_PIC = NO;
				GCC_NO_COMMON_BLOCKS = YES;
				GCC_OPTIMIZATION_LEVEL = 0;
				GCC_PREPROCESSOR_DEFINITIONS = (
					"DEBUG=1",
					"$(inherited)",
				);
				GCC_WARN_64_TO_32_BIT_CONVERSION = YES;
				GCC_WARN_ABOUT_RETURN_TYPE = YES_ERROR;
				GCC_WARN_UNDECLARED_SELECTOR = YES;
				GCC_WARN_UNINITIALIZED_AUTOS = YES_AGGRESSIVE;
				GCC_WARN_UNUSED_FUNCTION = YES;
				GCC_WARN_UNUSED_VARIABLE = YES;
				MACOSX_DEPLOYMENT_TARGET = 10.12;
				MTL_ENABLE_DEBUG_INFO = YES;
				ONLY_ACTIVE_ARCH = YES;
				SDKROOT = macosx;
				SWIFT_ACTIVE_COMPILATION_CONDITIONS = DEBUG;
				SWIFT_OPTIMIZATION_LEVEL = "-Onone";
			};
			name = Debug;
		};
		A53FA59B1EE89B270035497F /* Release */ = {
			isa = XCBuildConfiguration;
			buildSettings = {
				ALWAYS_SEARCH_USER_PATHS = NO;
				CLANG_ANALYZER_NONNULL = YES;
				CLANG_ANALYZER_NUMBER_OBJECT_CONVERSION = YES_AGGRESSIVE;
				CLANG_CXX_LANGUAGE_STANDARD = "gnu++0x";
				CLANG_CXX_LIBRARY = "libc++";
				CLANG_ENABLE_MODULES = YES;
				CLANG_ENABLE_OBJC_ARC = YES;
				CLANG_WARN_BOOL_CONVERSION = YES;
				CLANG_WARN_CONSTANT_CONVERSION = YES;
				CLANG_WARN_DIRECT_OBJC_ISA_USAGE = YES_ERROR;
				CLANG_WARN_DOCUMENTATION_COMMENTS = YES;
				CLANG_WARN_EMPTY_BODY = YES;
				CLANG_WARN_ENUM_CONVERSION = YES;
				CLANG_WARN_INFINITE_RECURSION = YES;
				CLANG_WARN_INT_CONVERSION = YES;
				CLANG_WARN_OBJC_ROOT_CLASS = YES_ERROR;
				CLANG_WARN_SUSPICIOUS_MOVE = YES;
				CLANG_WARN_UNREACHABLE_CODE = YES;
				CLANG_WARN__DUPLICATE_METHOD_MATCH = YES;
				CODE_SIGN_IDENTITY = "-";
				COPY_PHASE_STRIP = NO;
				DEBUG_INFORMATION_FORMAT = "dwarf-with-dsym";
				ENABLE_NS_ASSERTIONS = NO;
				ENABLE_STRICT_OBJC_MSGSEND = YES;
				GCC_C_LANGUAGE_STANDARD = gnu99;
				GCC_NO_COMMON_BLOCKS = YES;
				GCC_WARN_64_TO_32_BIT_CONVERSION = YES;
				GCC_WARN_ABOUT_RETURN_TYPE = YES_ERROR;
				GCC_WARN_UNDECLARED_SELECTOR = YES;
				GCC_WARN_UNINITIALIZED_AUTOS = YES_AGGRESSIVE;
				GCC_WARN_UNUSED_FUNCTION = YES;
				GCC_WARN_UNUSED_VARIABLE = YES;
				MACOSX_DEPLOYMENT_TARGET = 10.12;
				MTL_ENABLE_DEBUG_INFO = NO;
				SDKROOT = macosx;
				SWIFT_OPTIMIZATION_LEVEL = "-Owholemodule";
			};
			name = Release;
		};
		A53FA59D1EE89B270035497F /* Debug */ = {
			isa = XCBuildConfiguration;
			buildSettings = {
				ASSETCATALOG_COMPILER_APPICON_NAME = AppIcon;
				COMBINE_HIDPI_IMAGES = YES;
				INFOPLIST_FILE = CustomSoundBar/Info.plist;
				LD_RUNPATH_SEARCH_PATHS = "$(inherited) @executable_path/../Frameworks";
				PRODUCT_BUNDLE_IDENTIFIER = tsmca.CustomSoundBar;
				PRODUCT_NAME = "$(TARGET_NAME)";
				SWIFT_VERSION = 3.0;
			};
			name = Debug;
		};
		A53FA59E1EE89B270035497F /* Release */ = {
			isa = XCBuildConfiguration;
			buildSettings = {
				ASSETCATALOG_COMPILER_APPICON_NAME = AppIcon;
				COMBINE_HIDPI_IMAGES = YES;
				INFOPLIST_FILE = CustomSoundBar/Info.plist;
				LD_RUNPATH_SEARCH_PATHS = "$(inherited) @executable_path/../Frameworks";
				PRODUCT_BUNDLE_IDENTIFIER = tsmca.CustomSoundBar;
				PRODUCT_NAME = "$(TARGET_NAME)";
				SWIFT_VERSION = 3.0;
			};
			name = Release;
		};
/* End XCBuildConfiguration section */

/* Begin XCConfigurationList section */
		A53FA5881EE89B270035497F /* Build configuration list for PBXProject "CustomSoundBar" */ = {
			isa = XCConfigurationList;
			buildConfigurations = (
				A53FA59A1EE89B270035497F /* Debug */,
				A53FA59B1EE89B270035497F /* Release */,
			);
			defaultConfigurationIsVisible = 0;
			defaultConfigurationName = Release;
		};
		A53FA59C1EE89B270035497F /* Build configuration list for PBXNativeTarget "CustomSoundBar" */ = {
			isa = XCConfigurationList;
			buildConfigurations = (
				A53FA59D1EE89B270035497F /* Debug */,
				A53FA59E1EE89B270035497F /* Release */,
			);
			defaultConfigurationIsVisible = 0;
		};
/* End XCConfigurationList section */
	};
	rootObject = A53FA5851EE89B270035497F /* Project object */;
}
